
Microsoft Visual Studio Solution File, Format Version 12.00
# Visual Studio Version 17
VisualStudioVersion = 17.6.33829.357
MinimumVisualStudioVersion = 10.0.40219.1
Project("{FAE04EC0-301F-11D3-BF4B-00C04F79EFBC}") = "Test3", "Test3\Test3.csproj", "{987A08E1-E732-446A-872F-D0C258CC6BAE}"
EndProject
Global
	GlobalSection(SolutionConfigurationPlatforms) = preSolution
		Debug|Any CPU = Debug|Any CPU
		Release|Any CPU = Release|Any CPU
	EndGlobalSection
	GlobalSection(ProjectConfigurationPlatforms) = postSolution
		{987A08E1-E732-446A-872F-D0C258CC6BAE}.Debug|Any CPU.ActiveCfg = Debug|Any CPU
		{987A08E1-E732-446A-872F-D0C258CC6BAE}.Debug|Any CPU.Build.0 = Debug|Any CPU
		{987A08E1-E732-446A-872F-D0C258CC6BAE}.Release|Any CPU.ActiveCfg = Release|Any CPU
		{987A08E1-E732-446A-872F-D0C258CC6BAE}.Release|Any CPU.Build.0 = Release|Any CPU
	EndGlobalSection
	GlobalSection(SolutionProperties) = preSolution
		HideSolutionNode = FALSE
	EndGlobalSection
	GlobalSection(ExtensibilityGlobals) = postSolution
		SolutionGuid = {695D0A92-564A-462E-91E7-777B850DE4A2}
	EndGlobalSection
EndGlobal
